
Microsoft Visual Studio Solution File, Format Version 12.00
Project("{2150E333-8FDC-42A3-9474-1A3956D46DE8}") = "docs", "docs", "{ACFCEFF7-8C3B-4D05-8080-DD19A6E07873}"
	ProjectSection(SolutionItems) = preProject
		README.md = README.md
	EndProjectSection
EndProject
Project("{FAE04EC0-301F-11D3-BF4B-00C04F79EFBC}") = "Tests.RunLogic", "Tests.RunLogic\Tests.RunLogic.csproj", "{82C31766-E0A2-4367-A1B9-CDF58076C48B}"
EndProject
Project("{2150E333-8FDC-42A3-9474-1A3956D46DE8}") = "Tests", "Tests", "{1A7E5397-CFA9-4D54-A41D-DB294B9706D1}"
EndProject
Project("{FAE04EC0-301F-11D3-BF4B-00C04F79EFBC}") = "Tests.CSharp", "Tests.CSharp\Tests.CSharp.csproj", "{41E0C170-FD89-4DAC-9480-CE74CCFA6BEF}"
EndProject
Project("{2150E333-8FDC-42A3-9474-1A3956D46DE8}") = "Homework1", "Homework1", "{F36E18CF-1CD2-45C9-8270-0448FB18A9E7}"
EndProject
Project("{FAE04EC0-301F-11D3-BF4B-00C04F79EFBC}") = "Hw1", "Homework1\Hw1\Hw1.csproj", "{70EF26B3-A5F2-420C-AF48-0BF5DD88D6D2}"
EndProject
Project("{9A19103F-16F7-4668-BE54-9A1E7A4F7556}") = "Hw2", "Homework2\Hw2\Hw2.ilproj", "{86E86EBF-2329-4FCD-B265-05EE56166115}"
EndProject
Project("{2150E333-8FDC-42A3-9474-1A3956D46DE8}") = "Homework2", "Homework2", "{78713F51-DF3E-4B9B-AB6D-9869450813CE}"
EndProject
Project("{FAE04EC0-301F-11D3-BF4B-00C04F79EFBC}") = "Hw3.Mutex", "Homework3\Hw3.Mutex\Hw3.Mutex.csproj", "{13B96CAA-8E12-4415-839F-631F5381B3D8}"
EndProject
Project("{2150E333-8FDC-42A3-9474-1A3956D46DE8}") = "Homework3", "Homework3", "{3BCA2CBD-F82F-4593-B66B-D1818FE75B0D}"
EndProject
Project("{F2A71F9B-5D33-465A-A702-920D77279786}") = "Tests.FSharp", "Tests.FSharp\Tests.FSharp.fsproj", "{89E62EA9-9073-4247-B7D8-FEAD45F7BDAB}"
EndProject
Project("{2150E333-8FDC-42A3-9474-1A3956D46DE8}") = "Homework4", "Homework4", "{ECE33078-B96D-4B47-B87C-445420244179}"
EndProject
Project("{F2A71F9B-5D33-465A-A702-920D77279786}") = "Hw4", "Homework4\Hw4\Hw4.fsproj", "{D658CAA8-AADE-42B6-9DFB-F5E950428D6D}"
EndProject
Project("{2150E333-8FDC-42A3-9474-1A3956D46DE8}") = "Homework5", "Homework5", "{AB48D6BE-1E15-4042-A170-3A93D923C474}"
EndProject
Project("{F2A71F9B-5D33-465A-A702-920D77279786}") = "Hw5", "Homework5\Hw5\Hw5.fsproj", "{4F247AA8-1E48-4EF9-9737-B4EAC3198408}"
EndProject
Project("{F2A71F9B-5D33-465A-A702-920D77279786}") = "Hw6", "Homework6\Hw6\Hw6.fsproj", "{DBFF318E-C165-4CF3-B88E-CCF9A10D8730}"
EndProject
Project("{2150E333-8FDC-42A3-9474-1A3956D46DE8}") = "Homework6", "Homework6", "{AE1440FB-9A01-4A1C-8271-EF37A4FB668E}"
EndProject
Project("{FAE04EC0-301F-11D3-BF4B-00C04F79EFBC}") = "Hw7", "Homework7\Hw7\Hw7.csproj", "{35E1F904-309D-4861-9852-40B41586EB33}"
EndProject
Project("{2150E333-8FDC-42A3-9474-1A3956D46DE8}") = "Homework7", "Homework7", "{A87F860B-1C03-4E38-8E58-158195B47FC5}"
EndProject
Project("{FAE04EC0-301F-11D3-BF4B-00C04F79EFBC}") = "Hw8", "Homework8\Hw8\Hw8.csproj", "{59124016-CD16-4443-A80D-86DFC78E256D}"
EndProject
Project("{2150E333-8FDC-42A3-9474-1A3956D46DE8}") = "Homework8", "Homework8", "{BC2B956A-A798-4D21-957D-F90F960D54E7}"
EndProject
Project("{FAE04EC0-301F-11D3-BF4B-00C04F79EFBC}") = "Hw9", "Homework9\Hw9\Hw9.csproj", "{9F9445E8-D468-4A87-8192-5EABE72B3FA2}"
EndProject
Project("{2150E333-8FDC-42A3-9474-1A3956D46DE8}") = "Homework9", "Homework9", "{F506319A-14A6-4C67-B786-29CB83E9506D}"
EndProject
Project("{FAE04EC0-301F-11D3-BF4B-00C04F79EFBC}") = "Hw10", "Homework10\Hw10\Hw10.csproj", "{F7F46A51-9E01-4779-A846-9967946DD61C}"
EndProject
Project("{2150E333-8FDC-42A3-9474-1A3956D46DE8}") = "Homework10", "Homework10", "{E23ECBCB-F7AD-4AC0-AE41-839C760B0A54}"
EndProject
Project("{FAE04EC0-301F-11D3-BF4B-00C04F79EFBC}") = "Hw11", "Homework11\Hw11\Hw11.csproj", "{CEAF66CA-ED9A-40C4-AEA6-8999DAEB559A}"
EndProject
Project("{2150E333-8FDC-42A3-9474-1A3956D46DE8}") = "Homework11", "Homework11", "{6E27D96D-F516-48F1-A26A-4F420D4E974B}"
EndProject
Project("{FAE04EC0-301F-11D3-BF4B-00C04F79EFBC}") = "Hw12", "Homework12\Hw12\Hw12.csproj", "{59193DFB-BA52-4015-8F68-EC440846869E}"
EndProject
Project("{2150E333-8FDC-42A3-9474-1A3956D46DE8}") = "Homework12", "Homework12", "{952B0AF3-D100-450C-A770-6483D865DA53}"
EndProject
Project("{FAE04EC0-301F-11D3-BF4B-00C04F79EFBC}") = "Hw13", "Homework13\Hw.13\Hw13.csproj", "{6B41684D-DEB8-49C2-A227-EC6A28A975F4}"
EndProject
Project("{2150E333-8FDC-42A3-9474-1A3956D46DE8}") = "Homework13", "Homework13", "{245E29C9-CF93-47FF-8788-34FBB6404AEA}"
EndProject
Global
	GlobalSection(SolutionConfigurationPlatforms) = preSolution
		Debug|Any CPU = Debug|Any CPU
		Release|Any CPU = Release|Any CPU
	EndGlobalSection
	GlobalSection(ProjectConfigurationPlatforms) = postSolution
		{2F34A5BE-7A86-4267-87C4-CD465EF7ADFB}.Debug|Any CPU.ActiveCfg = Debug|Any CPU
		{2F34A5BE-7A86-4267-87C4-CD465EF7ADFB}.Debug|Any CPU.Build.0 = Debug|Any CPU
		{2F34A5BE-7A86-4267-87C4-CD465EF7ADFB}.Release|Any CPU.ActiveCfg = Release|Any CPU
		{2F34A5BE-7A86-4267-87C4-CD465EF7ADFB}.Release|Any CPU.Build.0 = Release|Any CPU
		{4C107DCC-B25C-440B-A3B7-D954E5786A59}.Debug|Any CPU.ActiveCfg = Debug|Any CPU
		{4C107DCC-B25C-440B-A3B7-D954E5786A59}.Debug|Any CPU.Build.0 = Debug|Any CPU
		{4C107DCC-B25C-440B-A3B7-D954E5786A59}.Release|Any CPU.ActiveCfg = Release|Any CPU
		{4C107DCC-B25C-440B-A3B7-D954E5786A59}.Release|Any CPU.Build.0 = Release|Any CPU
		{82C31766-E0A2-4367-A1B9-CDF58076C48B}.Debug|Any CPU.ActiveCfg = Debug|Any CPU
		{82C31766-E0A2-4367-A1B9-CDF58076C48B}.Debug|Any CPU.Build.0 = Debug|Any CPU
		{82C31766-E0A2-4367-A1B9-CDF58076C48B}.Release|Any CPU.ActiveCfg = Release|Any CPU
		{82C31766-E0A2-4367-A1B9-CDF58076C48B}.Release|Any CPU.Build.0 = Release|Any CPU
		{41E0C170-FD89-4DAC-9480-CE74CCFA6BEF}.Debug|Any CPU.ActiveCfg = Debug|Any CPU
		{41E0C170-FD89-4DAC-9480-CE74CCFA6BEF}.Debug|Any CPU.Build.0 = Debug|Any CPU
		{41E0C170-FD89-4DAC-9480-CE74CCFA6BEF}.Release|Any CPU.ActiveCfg = Release|Any CPU
		{41E0C170-FD89-4DAC-9480-CE74CCFA6BEF}.Release|Any CPU.Build.0 = Release|Any CPU
		{70EF26B3-A5F2-420C-AF48-0BF5DD88D6D2}.Debug|Any CPU.ActiveCfg = Debug|Any CPU
		{70EF26B3-A5F2-420C-AF48-0BF5DD88D6D2}.Debug|Any CPU.Build.0 = Debug|Any CPU
		{70EF26B3-A5F2-420C-AF48-0BF5DD88D6D2}.Release|Any CPU.ActiveCfg = Release|Any CPU
		{70EF26B3-A5F2-420C-AF48-0BF5DD88D6D2}.Release|Any CPU.Build.0 = Release|Any CPU
		{86E86EBF-2329-4FCD-B265-05EE56166115}.Debug|Any CPU.ActiveCfg = Debug|Any CPU
		{86E86EBF-2329-4FCD-B265-05EE56166115}.Debug|Any CPU.Build.0 = Debug|Any CPU
		{86E86EBF-2329-4FCD-B265-05EE56166115}.Release|Any CPU.ActiveCfg = Release|Any CPU
		{86E86EBF-2329-4FCD-B265-05EE56166115}.Release|Any CPU.Build.0 = Release|Any CPU
		{13B96CAA-8E12-4415-839F-631F5381B3D8}.Debug|Any CPU.ActiveCfg = Debug|Any CPU
		{13B96CAA-8E12-4415-839F-631F5381B3D8}.Debug|Any CPU.Build.0 = Debug|Any CPU
		{13B96CAA-8E12-4415-839F-631F5381B3D8}.Release|Any CPU.ActiveCfg = Release|Any CPU
		{13B96CAA-8E12-4415-839F-631F5381B3D8}.Release|Any CPU.Build.0 = Release|Any CPU
		{89E62EA9-9073-4247-B7D8-FEAD45F7BDAB}.Debug|Any CPU.ActiveCfg = Debug|Any CPU
		{89E62EA9-9073-4247-B7D8-FEAD45F7BDAB}.Debug|Any CPU.Build.0 = Debug|Any CPU
		{89E62EA9-9073-4247-B7D8-FEAD45F7BDAB}.Release|Any CPU.ActiveCfg = Release|Any CPU
		{89E62EA9-9073-4247-B7D8-FEAD45F7BDAB}.Release|Any CPU.Build.0 = Release|Any CPU
		{D658CAA8-AADE-42B6-9DFB-F5E950428D6D}.Debug|Any CPU.ActiveCfg = Debug|Any CPU
		{D658CAA8-AADE-42B6-9DFB-F5E950428D6D}.Debug|Any CPU.Build.0 = Debug|Any CPU
		{D658CAA8-AADE-42B6-9DFB-F5E950428D6D}.Release|Any CPU.ActiveCfg = Release|Any CPU
		{D658CAA8-AADE-42B6-9DFB-F5E950428D6D}.Release|Any CPU.Build.0 = Release|Any CPU
		{4F247AA8-1E48-4EF9-9737-B4EAC3198408}.Debug|Any CPU.ActiveCfg = Debug|Any CPU
		{4F247AA8-1E48-4EF9-9737-B4EAC3198408}.Debug|Any CPU.Build.0 = Debug|Any CPU
		{4F247AA8-1E48-4EF9-9737-B4EAC3198408}.Release|Any CPU.ActiveCfg = Release|Any CPU
		{4F247AA8-1E48-4EF9-9737-B4EAC3198408}.Release|Any CPU.Build.0 = Release|Any CPU
		{DBFF318E-C165-4CF3-B88E-CCF9A10D8730}.Debug|Any CPU.ActiveCfg = Debug|Any CPU
		{DBFF318E-C165-4CF3-B88E-CCF9A10D8730}.Debug|Any CPU.Build.0 = Debug|Any CPU
		{DBFF318E-C165-4CF3-B88E-CCF9A10D8730}.Release|Any CPU.ActiveCfg = Release|Any CPU
		{DBFF318E-C165-4CF3-B88E-CCF9A10D8730}.Release|Any CPU.Build.0 = Release|Any CPU
		{35E1F904-309D-4861-9852-40B41586EB33}.Debug|Any CPU.ActiveCfg = Debug|Any CPU
		{35E1F904-309D-4861-9852-40B41586EB33}.Debug|Any CPU.Build.0 = Debug|Any CPU
		{35E1F904-309D-4861-9852-40B41586EB33}.Release|Any CPU.ActiveCfg = Release|Any CPU
		{35E1F904-309D-4861-9852-40B41586EB33}.Release|Any CPU.Build.0 = Release|Any CPU
		{59124016-CD16-4443-A80D-86DFC78E256D}.Debug|Any CPU.ActiveCfg = Debug|Any CPU
		{59124016-CD16-4443-A80D-86DFC78E256D}.Debug|Any CPU.Build.0 = Debug|Any CPU
		{59124016-CD16-4443-A80D-86DFC78E256D}.Release|Any CPU.ActiveCfg = Release|Any CPU
		{59124016-CD16-4443-A80D-86DFC78E256D}.Release|Any CPU.Build.0 = Release|Any CPU
		{9F9445E8-D468-4A87-8192-5EABE72B3FA2}.Debug|Any CPU.ActiveCfg = Debug|Any CPU
		{9F9445E8-D468-4A87-8192-5EABE72B3FA2}.Debug|Any CPU.Build.0 = Debug|Any CPU
		{9F9445E8-D468-4A87-8192-5EABE72B3FA2}.Release|Any CPU.ActiveCfg = Release|Any CPU
		{9F9445E8-D468-4A87-8192-5EABE72B3FA2}.Release|Any CPU.Build.0 = Release|Any CPU
		{F7F46A51-9E01-4779-A846-9967946DD61C}.Debug|Any CPU.ActiveCfg = Debug|Any CPU
		{F7F46A51-9E01-4779-A846-9967946DD61C}.Debug|Any CPU.Build.0 = Debug|Any CPU
		{F7F46A51-9E01-4779-A846-9967946DD61C}.Release|Any CPU.ActiveCfg = Release|Any CPU
		{F7F46A51-9E01-4779-A846-9967946DD61C}.Release|Any CPU.Build.0 = Release|Any CPU
		{CEAF66CA-ED9A-40C4-AEA6-8999DAEB559A}.Debug|Any CPU.ActiveCfg = Debug|Any CPU
		{CEAF66CA-ED9A-40C4-AEA6-8999DAEB559A}.Debug|Any CPU.Build.0 = Debug|Any CPU
		{CEAF66CA-ED9A-40C4-AEA6-8999DAEB559A}.Release|Any CPU.ActiveCfg = Release|Any CPU
		{CEAF66CA-ED9A-40C4-AEA6-8999DAEB559A}.Release|Any CPU.Build.0 = Release|Any CPU
		{59193DFB-BA52-4015-8F68-EC440846869E}.Debug|Any CPU.ActiveCfg = Debug|Any CPU
		{59193DFB-BA52-4015-8F68-EC440846869E}.Debug|Any CPU.Build.0 = Debug|Any CPU
		{59193DFB-BA52-4015-8F68-EC440846869E}.Release|Any CPU.ActiveCfg = Release|Any CPU
		{59193DFB-BA52-4015-8F68-EC440846869E}.Release|Any CPU.Build.0 = Release|Any CPU
		{6B41684D-DEB8-49C2-A227-EC6A28A975F4}.Debug|Any CPU.ActiveCfg = Debug|Any CPU
		{6B41684D-DEB8-49C2-A227-EC6A28A975F4}.Debug|Any CPU.Build.0 = Debug|Any CPU
		{6B41684D-DEB8-49C2-A227-EC6A28A975F4}.Release|Any CPU.ActiveCfg = Release|Any CPU
		{6B41684D-DEB8-49C2-A227-EC6A28A975F4}.Release|Any CPU.Build.0 = Release|Any CPU
	EndGlobalSection
	GlobalSection(NestedProjects) = preSolution
		{82C31766-E0A2-4367-A1B9-CDF58076C48B} = {1A7E5397-CFA9-4D54-A41D-DB294B9706D1}
		{41E0C170-FD89-4DAC-9480-CE74CCFA6BEF} = {1A7E5397-CFA9-4D54-A41D-DB294B9706D1}
		{70EF26B3-A5F2-420C-AF48-0BF5DD88D6D2} = {F36E18CF-1CD2-45C9-8270-0448FB18A9E7}
		{86E86EBF-2329-4FCD-B265-05EE56166115} = {78713F51-DF3E-4B9B-AB6D-9869450813CE}
		{13B96CAA-8E12-4415-839F-631F5381B3D8} = {3BCA2CBD-F82F-4593-B66B-D1818FE75B0D}
		{89E62EA9-9073-4247-B7D8-FEAD45F7BDAB} = {1A7E5397-CFA9-4D54-A41D-DB294B9706D1}
		{D658CAA8-AADE-42B6-9DFB-F5E950428D6D} = {ECE33078-B96D-4B47-B87C-445420244179}
		{4F247AA8-1E48-4EF9-9737-B4EAC3198408} = {AB48D6BE-1E15-4042-A170-3A93D923C474}
		{DBFF318E-C165-4CF3-B88E-CCF9A10D8730} = {AE1440FB-9A01-4A1C-8271-EF37A4FB668E}
		{35E1F904-309D-4861-9852-40B41586EB33} = {A87F860B-1C03-4E38-8E58-158195B47FC5}
		{59124016-CD16-4443-A80D-86DFC78E256D} = {BC2B956A-A798-4D21-957D-F90F960D54E7}
		{9F9445E8-D468-4A87-8192-5EABE72B3FA2} = {F506319A-14A6-4C67-B786-29CB83E9506D}
		{F7F46A51-9E01-4779-A846-9967946DD61C} = {E23ECBCB-F7AD-4AC0-AE41-839C760B0A54}
		{CEAF66CA-ED9A-40C4-AEA6-8999DAEB559A} = {6E27D96D-F516-48F1-A26A-4F420D4E974B}
		{59193DFB-BA52-4015-8F68-EC440846869E} = {952B0AF3-D100-450C-A770-6483D865DA53}
		{6B41684D-DEB8-49C2-A227-EC6A28A975F4} = {245E29C9-CF93-47FF-8788-34FBB6404AEA}
	EndGlobalSection
EndGlobal
